{
  "meteor": {},
  "dependencies": {
    "basePackages": {
      "accounts-guest": {}
    },
    "packages": {
      "accounts-guest": {
        "git": "https://github.com/artwells/meteor-accounts-guest.git",
        "tag": "v0.0.6",
        "commit": "f40bcf1f9e5999c70ab81a4f1e7a39f3ce78aa57"
      }
    }
  }
}
